{
  "name": ".jsclient",
  "lockfileVersion": 3,
  "requires": true,
  "packages": {
    "": {
      "dependencies": {
        "@heroiclabs/nakama-js": "^2.6.1",
        "ws": "^8.13.0"
      }
    },
    "node_modules/@heroiclabs/nakama-js": {
      "version": "2.6.1",
      "resolved": "https://registry.npmjs.org/@heroiclabs/nakama-js/-/nakama-js-2.6.1.tgz",
      "integrity": "sha512-akuHr42rUdKGli0un6+ok7HDC2KarHs3lGRF1pIn5Mc7ALRZ46Cnx0kRX7jqj4mj5FuMD5wBtIY8CEcJGP+Oaw==",
      "license": "Apache-2.0",
      "dependencies": {
        "@scarf/scarf": "^1.1.1",
        "base64-arraybuffer": "^1.0.2",
        "js-base64": "^3.7.4",
        "whatwg-fetch": "^3.6.2"
      }
    },
    "node_modules/@scarf/scarf": {
      "version": "1.1.1",
      "resolved": "https://registry.npmjs.org/@scarf/scarf/-/scarf-1.1.1.tgz",
      "integrity": "sha512-VGbKDbk1RFIaSmdVb0cNjjWJoRWRI/Weo23AjRCC2nryO0iAS8pzsToJfPVPtVs74WHw4L1UTADNdIYRLkirZQ==",
      "hasInstallScript": true,
      "license": "Apache-2.0"
    },
    "node_modules/base64-arraybuffer": {
      "version": "1.0.2",
      "resolved": "https://registry.npmjs.org/base64-arraybuffer/-/base64-arraybuffer-1.0.2.tgz",
      "integrity": "sha512-I3yl4r9QB5ZRY3XuJVEPfc2XhZO6YweFPI+UovAzn+8/hb3oJ6lnysaFcjVpkCPfVWFUDvoZ8kmVDP7WyRtYtQ==",
      "license": "MIT",
      "engines": {
        "node": ">= 0.6.0"
      }
    },
    "node_modules/js-base64": {
      "version": "3.7.5",
      "resolved": "https://registry.npmjs.org/js-base64/-/js-base64-3.7.5.tgz",
      "integrity": "sha512-3MEt5DTINKqfScXKfJFrRbxkrnk2AxPWGBL/ycjz4dK8iqiSJ06UxD8jh8xuh6p10TX4t2+7FsBYVxxQbMg+qA==",
      "license": "BSD-3-Clause"
    },
    "node_modules/whatwg-fetch": {
      "version": "3.6.17",
      "resolved": "https://registry.npmjs.org/whatwg-fetch/-/whatwg-fetch-3.6.17.tgz",
      "integrity": "sha512-c4ghIvG6th0eudYwKZY5keb81wtFz9/WeAHAoy8+r18kcWlitUIrmGFQ2rWEl4UCKUilD3zCLHOIPheHx5ypRQ==",
      "license": "MIT"
    },
    "node_modules/ws": {
      "version": "8.13.0",
      "resolved": "https://registry.npmjs.org/ws/-/ws-8.13.0.tgz",
      "integrity": "sha512-x9vcZYTrFPC7aSIbj7sRCYo7L/Xb8Iy+pW0ng0wt2vCJv7M9HOMy0UoN3rr+IFC7hb7vXoqS+P9ktyLLLhO+LA==",
      "engines": {
        "node": ">=10.0.0"
      },
      "peerDependencies": {
        "bufferutil": "^4.0.1",
        "utf-8-validate": ">=5.0.2"
      },
      "peerDependenciesMeta": {
        "bufferutil": {
          "optional": true
        },
        "utf-8-validate": {
          "optional": true
        }
      }
    }
  }
}
